
Microsoft Visual Studio Solution File, Format Version 12.00
# Visual Studio Version 17
VisualStudioVersion = 17.10.35027.167
MinimumVisualStudioVersion = 10.0.40219.1
Project("{9A19103F-16F7-4668-BE54-9A1E7A4F7556}") = "OpenAI.SDK", "OpenAI.SDK\OpenAI.SDK.csproj", "{46473CF7-30B1-4265-905C-6E543425179C}"
EndProject
Project("{FAE04EC0-301F-11D3-BF4B-00C04F79EFBC}") = "OpenAI.SDK.Tests", "OpenAI.SDK.Tests\OpenAI.SDK.Tests.csproj", "{FD394AC8-9787-4050-AE67-562DC1E79A5B}"
EndProject
Global
	GlobalSection(SolutionConfigurationPlatforms) = preSolution
		Debug|Any CPU = Debug|Any CPU
		Release|Any CPU = Release|Any CPU
	EndGlobalSection
	GlobalSection(ProjectConfigurationPlatforms) = postSolution
		{46473CF7-30B1-4265-905C-6E543425179C}.Debug|Any CPU.ActiveCfg = Debug|Any CPU
		{46473CF7-30B1-4265-905C-6E543425179C}.Debug|Any CPU.Build.0 = Debug|Any CPU
		{46473CF7-30B1-4265-905C-6E543425179C}.Release|Any CPU.ActiveCfg = Release|Any CPU
		{46473CF7-30B1-4265-905C-6E543425179C}.Release|Any CPU.Build.0 = Release|Any CPU
		{FD394AC8-9787-4050-AE67-562DC1E79A5B}.Debug|Any CPU.ActiveCfg = Debug|Any CPU
		{FD394AC8-9787-4050-AE67-562DC1E79A5B}.Debug|Any CPU.Build.0 = Debug|Any CPU
		{FD394AC8-9787-4050-AE67-562DC1E79A5B}.Release|Any CPU.ActiveCfg = Release|Any CPU
		{FD394AC8-9787-4050-AE67-562DC1E79A5B}.Release|Any CPU.Build.0 = Release|Any CPU
	EndGlobalSection
	GlobalSection(SolutionProperties) = preSolution
		HideSolutionNode = FALSE
	EndGlobalSection
	GlobalSection(ExtensibilityGlobals) = postSolution
		SolutionGuid = {5A0F654A-D164-4B5F-B976-C1172E1430D1}
	EndGlobalSection
EndGlobal
